// !$*UTF8*$!
{
	archiveVersion = 1;
	classes = {};
	objectVersion = 56;
	objects = {

/* Begin PBXBuildFile section */
		1D60588F0D05DD3D00A73006 /* Main.swift in Sources */ = {isa = PBXBuildFile; fileRef = 1D60588D0D05DD3D00A73006 /* Main.swift */; };
/* End PBXBuildFile section */

/* Begin PBXFileReference section */
		1D6058910D05DD3D00A73006 /* SpotBrief.app */ = {isa = PBXFileReference; explicitFileType = wrapper.application; includeInIndex = 0; path = SpotBrief.app; sourceTree = BUILT_PRODUCTS_DIR; };
		1D60588D0D05DD3D00A73006 /* Main.swift */ = {isa = PBXFileReference; lastKnownFileType = sourcecode.swift; name = Main.swift; path = Sources/SpotBrief/ContentView.swift; sourceTree = "<group>"; };
/* End PBXFileReference section */

/* Begin PBXFrameworksBuildPhase section */
		1D60588F0D05DD3D00A73006 /* Frameworks */ = {isa = PBXFrameworksBuildPhase; buildActionMask = 2147483647; files = (); runOnlyForDeploymentPostprocessing = 0; };
/* End PBXFrameworksBuildPhase section */

/* Begin PBXGroup section */
		29B54A7413D41A2500000021 = {
			isa = PBXGroup;
			children = (
				1D60588D0D05DD3D00A73006 /* Main.swift */,
				1D6058910D05DD3D00A73006 /* SpotBrief.app */,
			);
			sourceTree = "<group>";
		};
/* End PBXGroup section */

/* Begin PBXNativeTarget section */
		1D6058900D05DD3D00A73006 /* SpotBrief */ = {
			isa = PBXNativeTarget;
			buildConfigurationList = 1D6058960D05DD3E00A73006 /* Build configuration list for PBXNativeTarget "SpotBrief" */;
			buildPhases = (
				1D60588E0D05DD3D00A73006 /* Sources */,
				1D60588F0D05DD3D00A73006 /* Frameworks */,
			);
			buildRules = ();
			dependencies = ();
			name = SpotBrief;
			productName = SpotBrief;
			productReference = 1D6058910D05DD3D00A73006 /* SpotBrief.app */;
			productType = "com.apple.product-type.application";
		};
/* End PBXNativeTarget section */

/* Begin PBXProject section */
		29B54A7313D41A2500000021 /* Project object */ = {
			isa = PBXProject;
			attributes = {
				LastSwiftUpdateCheck = 1540;
				LastUpgradeCheck = 1540;
			};
			buildConfigurationList = C01FC68708A904800054247B /* Build configuration list for PBXProject "SpotBrief" */;
			compatibilityVersion = "Xcode 14.0";
			developmentRegion = en;
			hasScannedForEncodings = 1;
			knownRegions = (en, Base);
			mainGroup = 29B54A7413D41A2500000021;
			productRefGroup = 1D6058910D05DD3D00A73006;
			projectDirPath = "";
			projectRoot = "";
			targets = (1D6058900D05DD3D00A73006 /* SpotBrief */);
		};
/* End PBXProject section */

/* Begin PBXSourcesBuildPhase section */
		1D60588E0D05DD3D00A73006 /* Sources */ = {
			isa = PBXSourcesBuildPhase;
			buildActionMask = 2147483647;
			files = (
				1D60588F0D05DD3D00A73006 /* Main.swift in Sources */,
			);
			runOnlyForDeploymentPostprocessing = 0;
		};
/* End PBXSourcesBuildPhase section */

/* Begin XCBuildConfiguration section */
		1D6058940D05DD3E00A73006 /* Release */ = {
			isa = XCBuildConfiguration;
			buildSettings = {
				ALWAYS_SEARCH_USER_PATHS = NO;
				CLANG_ENABLE_MODULES = YES;
				CODE_SIGNING_ALLOWED = NO;
				CODE_SIGNING_REQUIRED = NO;
				CODE_SIGN_IDENTITY = "";
				CURRENT_PROJECT_VERSION = 1;
				GENERATE_INFOPLIST_FILE = YES;
				MARKETING_VERSION = 1.0;
				PRODUCT_BUNDLE_IDENTIFIER = com.winmatwey.spotbrief;
				PRODUCT_NAME = "$(TARGET_NAME)";
				SDKROOT = iphoneos;
				SWIFT_VERSION = 5.0;
				TARGETED_DEVICE_FAMILY = "1,2";
			};
			name = Release;
		};
/* End XCBuildConfiguration section */

/* Begin XCConfigurationList section */
		1D6058960D05DD3E00A73006 /* Build configuration list for PBXNativeTarget "SpotBrief" */ = {
			isa = XCConfigurationList;
			buildConfigurations = (
				1D6058940D05DD3E00A73006 /* Release */,
			);
			defaultConfigurationName = Release;
			defaultConfigurationIsVisible = 0;
		};
		C01FC68708A904800054247B /* Build configuration list for PBXProject "SpotBrief" */ = {
			isa = XCConfigurationList;
			buildConfigurations = (
				1D6058940D05DD3E00A73006 /* Release */,
			);
			defaultConfigurationName = Release;
			defaultConfigurationIsVisible = 0;
		};
/* End XCConfigurationList section */
	};
	rootObject = 29B54A7313D41A2500000021 /* Project object */;
}
